// !$*UTF8*$!
{
	archiveVersion = 1;
	classes = {
	};
	objectVersion = 46;
	objects = {

/* Begin PBXBuildFile section */
		671623F316291BE700DE00AB /* MediaPlayer.framework in Frameworks */ = {isa = PBXBuildFile; fileRef = 671623F216291BE700DE00AB /* MediaPlayer.framework */; };
		67671B9716319B9B00B0A7EB /* ios_icon.png in Resources */ = {isa = PBXBuildFile; fileRef = 67671B9616319B9B00B0A7EB /* ios_icon.png */; };
		67671B9916319BA000B0A7EB /* ios_icon@2x.png in Resources */ = {isa = PBXBuildFile; fileRef = 67671B9816319BA000B0A7EB /* ios_icon@2x.png */; };
		67671BB11631A49800B0A7EB /* Song.m in Sources */ = {isa = PBXBuildFile; fileRef = 67671BA41631A49800B0A7EB /* Song.m */; };
		67671BB21631A49800B0A7EB /* MusicHelper.m in Sources */ = {isa = PBXBuildFile; fileRef = 67671BA71631A49800B0A7EB /* MusicHelper.m */; };
		67671BB31631A49800B0A7EB /* SocialManager.m in Sources */ = {isa = PBXBuildFile; fileRef = 67671BA91631A49800B0A7EB /* SocialManager.m */; };
		67671BB41631A49800B0A7EB /* LogViewController.m in Sources */ = {isa = PBXBuildFile; fileRef = 67671BAC1631A49800B0A7EB /* LogViewController.m */; };
		67671BB51631A49800B0A7EB /* SettingsViewController.m in Sources */ = {isa = PBXBuildFile; fileRef = 67671BAE1631A49800B0A7EB /* SettingsViewController.m */; };
		67671BB61631A49800B0A7EB /* ShareMusicViewController.m in Sources */ = {isa = PBXBuildFile; fileRef = 67671BB01631A49800B0A7EB /* ShareMusicViewController.m */; };
		67671BBB1631A4A300B0A7EB /* gear_item.png in Resources */ = {isa = PBXBuildFile; fileRef = 67671BB91631A4A300B0A7EB /* gear_item.png */; };
		67671BBC1631A4A300B0A7EB /* gear_item@2x.png in Resources */ = {isa = PBXBuildFile; fileRef = 67671BBA1631A4A300B0A7EB /* gear_item@2x.png */; };
		67B7162C162F56FF00E4030A /* FacebookSDK.framework in Frameworks */ = {isa = PBXBuildFile; fileRef = 67B7162B162F56FF00E4030A /* FacebookSDK.framework */; };
		67B71630162F575A00E4030A /* AdSupport.framework in Frameworks */ = {isa = PBXBuildFile; fileRef = 67B7162F162F575A00E4030A /* AdSupport.framework */; settings = {ATTRIBUTES = (Weak, ); }; };
		67B8270616290AA30013E4D4 /* UIKit.framework in Frameworks */ = {isa = PBXBuildFile; fileRef = 67B8270516290AA30013E4D4 /* UIKit.framework */; };
		67B8270816290AA30013E4D4 /* Foundation.framework in Frameworks */ = {isa = PBXBuildFile; fileRef = 67B8270716290AA30013E4D4 /* Foundation.framework */; };
		67B8270A16290AA30013E4D4 /* CoreGraphics.framework in Frameworks */ = {isa = PBXBuildFile; fileRef = 67B8270916290AA30013E4D4 /* CoreGraphics.framework */; };
		67B8271016290AA30013E4D4 /* InfoPlist.strings in Resources */ = {isa = PBXBuildFile; fileRef = 67B8270E16290AA30013E4D4 /* InfoPlist.strings */; };
		67B8271216290AA30013E4D4 /* main.m in Sources */ = {isa = PBXBuildFile; fileRef = 67B8271116290AA30013E4D4 /* main.m */; };
		67B8271616290AA30013E4D4 /* AppDelegate.m in Sources */ = {isa = PBXBuildFile; fileRef = 67B8271516290AA30013E4D4 /* AppDelegate.m */; };
		67B8271816290AA30013E4D4 /* Default.png in Resources */ = {isa = PBXBuildFile; fileRef = 67B8271716290AA30013E4D4 /* Default.png */; };
		67B8271A16290AA30013E4D4 /* Default@2x.png in Resources */ = {isa = PBXBuildFile; fileRef = 67B8271916290AA30013E4D4 /* Default@2x.png */; };
		67B8271C16290AA30013E4D4 /* Default-568h@2x.png in Resources */ = {isa = PBXBuildFile; fileRef = 67B8271B16290AA30013E4D4 /* Default-568h@2x.png */; };
		67B8271F16290AA30013E4D4 /* MainStoryboard.storyboard in Resources */ = {isa = PBXBuildFile; fileRef = 67B8271D16290AA30013E4D4 /* MainStoryboard.storyboard */; };
		67BA7477162F57B000239803 /* FacebookSDKResources.bundle in Resources */ = {isa = PBXBuildFile; fileRef = 67BA7476162F57B000239803 /* FacebookSDKResources.bundle */; };
		67E093801629FC63007BD447 /* Social.framework in Frameworks */ = {isa = PBXBuildFile; fileRef = 67E0937F1629FC63007BD447 /* Social.framework */; settings = {ATTRIBUTES = (Weak, ); }; };
		67E0938B1629FE4F007BD447 /* Accounts.framework in Frameworks */ = {isa = PBXBuildFile; fileRef = 67E0938A1629FE4F007BD447 /* Accounts.framework */; settings = {ATTRIBUTES = (Weak, ); }; };
/* End PBXBuildFile section */

/* Begin PBXFileReference section */
		671623F216291BE700DE00AB /* MediaPlayer.framework */ = {isa = PBXFileReference; lastKnownFileType = wrapper.framework; name = MediaPlayer.framework; path = System/Library/Frameworks/MediaPlayer.framework; sourceTree = SDKROOT; };
		67671B9616319B9B00B0A7EB /* ios_icon.png */ = {isa = PBXFileReference; lastKnownFileType = image.png; path = ios_icon.png; sourceTree = "<group>"; };
		67671B9816319BA000B0A7EB /* ios_icon@2x.png */ = {isa = PBXFileReference; lastKnownFileType = image.png; path = "ios_icon@2x.png"; sourceTree = "<group>"; };
		67671BA31631A49800B0A7EB /* Song.h */ = {isa = PBXFileReference; fileEncoding = 4; lastKnownFileType = sourcecode.c.h; path = Song.h; sourceTree = "<group>"; };
		67671BA41631A49800B0A7EB /* Song.m */ = {isa = PBXFileReference; fileEncoding = 4; lastKnownFileType = sourcecode.c.objc; path = Song.m; sourceTree = "<group>"; };
		67671BA61631A49800B0A7EB /* MusicHelper.h */ = {isa = PBXFileReference; fileEncoding = 4; lastKnownFileType = sourcecode.c.h; path = MusicHelper.h; sourceTree = "<group>"; };
		67671BA71631A49800B0A7EB /* MusicHelper.m */ = {isa = PBXFileReference; fileEncoding = 4; lastKnownFileType = sourcecode.c.objc; path = MusicHelper.m; sourceTree = "<group>"; };
		67671BA81631A49800B0A7EB /* SocialManager.h */ = {isa = PBXFileReference; fileEncoding = 4; lastKnownFileType = sourcecode.c.h; path = SocialManager.h; sourceTree = "<group>"; };
		67671BA91631A49800B0A7EB /* SocialManager.m */ = {isa = PBXFileReference; fileEncoding = 4; lastKnownFileType = sourcecode.c.objc; path = SocialManager.m; sourceTree = "<group>"; };
		67671BAB1631A49800B0A7EB /* LogViewController.h */ = {isa = PBXFileReference; fileEncoding = 4; lastKnownFileType = sourcecode.c.h; path = LogViewController.h; sourceTree = "<group>"; };
		67671BAC1631A49800B0A7EB /* LogViewController.m */ = {isa = PBXFileReference; fileEncoding = 4; lastKnownFileType = sourcecode.c.objc; path = LogViewController.m; sourceTree = "<group>"; };
		67671BAD1631A49800B0A7EB /* SettingsViewController.h */ = {isa = PBXFileReference; fileEncoding = 4; lastKnownFileType = sourcecode.c.h; path = SettingsViewController.h; sourceTree = "<group>"; };
		67671BAE1631A49800B0A7EB /* SettingsViewController.m */ = {isa = PBXFileReference; fileEncoding = 4; lastKnownFileType = sourcecode.c.objc; path = SettingsViewController.m; sourceTree = "<group>"; };
		67671BAF1631A49800B0A7EB /* ShareMusicViewController.h */ = {isa = PBXFileReference; fileEncoding = 4; lastKnownFileType = sourcecode.c.h; path = ShareMusicViewController.h; sourceTree = "<group>"; };
		67671BB01631A49800B0A7EB /* ShareMusicViewController.m */ = {isa = PBXFileReference; fileEncoding = 4; lastKnownFileType = sourcecode.c.objc; path = ShareMusicViewController.m; sourceTree = "<group>"; };
		67671BB91631A4A300B0A7EB /* gear_item.png */ = {isa = PBXFileReference; lastKnownFileType = image.png; path = gear_item.png; sourceTree = "<group>"; };
		67671BBA1631A4A300B0A7EB /* gear_item@2x.png */ = {isa = PBXFileReference; lastKnownFileType = image.png; path = "gear_item@2x.png"; sourceTree = "<group>"; };
		67B7162B162F56FF00E4030A /* FacebookSDK.framework */ = {isa = PBXFileReference; lastKnownFileType = wrapper.framework; name = FacebookSDK.framework; path = ../../FacebookSDK/FacebookSDK.framework; sourceTree = "<group>"; };
		67B7162F162F575A00E4030A /* AdSupport.framework */ = {isa = PBXFileReference; lastKnownFileType = wrapper.framework; name = AdSupport.framework; path = System/Library/Frameworks/AdSupport.framework; sourceTree = SDKROOT; };
		67B8270116290AA30013E4D4 /* NowListeningTo.app */ = {isa = PBXFileReference; explicitFileType = wrapper.application; includeInIndex = 0; path = NowListeningTo.app; sourceTree = BUILT_PRODUCTS_DIR; };
		67B8270516290AA30013E4D4 /* UIKit.framework */ = {isa = PBXFileReference; lastKnownFileType = wrapper.framework; name = UIKit.framework; path = System/Library/Frameworks/UIKit.framework; sourceTree = SDKROOT; };
		67B8270716290AA30013E4D4 /* Foundation.framework */ = {isa = PBXFileReference; lastKnownFileType = wrapper.framework; name = Foundation.framework; path = System/Library/Frameworks/Foundation.framework; sourceTree = SDKROOT; };
		67B8270916290AA30013E4D4 /* CoreGraphics.framework */ = {isa = PBXFileReference; lastKnownFileType = wrapper.framework; name = CoreGraphics.framework; path = System/Library/Frameworks/CoreGraphics.framework; sourceTree = SDKROOT; };
		67B8270D16290AA30013E4D4 /* NowListeningTo-Info.plist */ = {isa = PBXFileReference; lastKnownFileType = text.plist.xml; path = "NowListeningTo-Info.plist"; sourceTree = "<group>"; };
		67B8270F16290AA30013E4D4 /* en */ = {isa = PBXFileReference; lastKnownFileType = text.plist.strings; name = en; path = en.lproj/InfoPlist.strings; sourceTree = "<group>"; };
		67B8271116290AA30013E4D4 /* main.m */ = {isa = PBXFileReference; lastKnownFileType = sourcecode.c.objc; path = main.m; sourceTree = "<group>"; };
		67B8271316290AA30013E4D4 /* NowListeningTo-Prefix.pch */ = {isa = PBXFileReference; lastKnownFileType = sourcecode.c.h; path = "NowListeningTo-Prefix.pch"; sourceTree = "<group>"; };
		67B8271416290AA30013E4D4 /* AppDelegate.h */ = {isa = PBXFileReference; lastKnownFileType = sourcecode.c.h; path = AppDelegate.h; sourceTree = "<group>"; };
		67B8271516290AA30013E4D4 /* AppDelegate.m */ = {isa = PBXFileReference; lastKnownFileType = sourcecode.c.objc; path = AppDelegate.m; sourceTree = "<group>"; };
		67B8271716290AA30013E4D4 /* Default.png */ = {isa = PBXFileReference; lastKnownFileType = image.png; path = Default.png; sourceTree = "<group>"; };
		67B8271916290AA30013E4D4 /* Default@2x.png */ = {isa = PBXFileReference; lastKnownFileType = image.png; path = "Default@2x.png"; sourceTree = "<group>"; };
		67B8271B16290AA30013E4D4 /* Default-568h@2x.png */ = {isa = PBXFileReference; lastKnownFileType = image.png; path = "Default-568h@2x.png"; sourceTree = "<group>"; };
		67B8271E16290AA30013E4D4 /* en */ = {isa = PBXFileReference; lastKnownFileType = file.storyboard; name = en; path = en.lproj/MainStoryboard.storyboard; sourceTree = "<group>"; };
		67BA7476162F57B000239803 /* FacebookSDKResources.bundle */ = {isa = PBXFileReference; lastKnownFileType = "wrapper.plug-in"; name = FacebookSDKResources.bundle; path = ../../FacebookSDK/FacebookSDK.framework/Versions/A/Resources/FacebookSDKResources.bundle; sourceTree = "<group>"; };
		67E0937F1629FC63007BD447 /* Social.framework */ = {isa = PBXFileReference; lastKnownFileType = wrapper.framework; name = Social.framework; path = System/Library/Frameworks/Social.framework; sourceTree = SDKROOT; };
		67E0938A1629FE4F007BD447 /* Accounts.framework */ = {isa = PBXFileReference; lastKnownFileType = wrapper.framework; name = Accounts.framework; path = System/Library/Frameworks/Accounts.framework; sourceTree = SDKROOT; };
/* End PBXFileReference section */

/* Begin PBXFrameworksBuildPhase section */
		67B826FE16290AA30013E4D4 /* Frameworks */ = {
			isa = PBXFrameworksBuildPhase;
			buildActionMask = 2147483647;
			files = (
				67B71630162F575A00E4030A /* AdSupport.framework in Frameworks */,
				67E0938B1629FE4F007BD447 /* Accounts.framework in Frameworks */,
				67E093801629FC63007BD447 /* Social.framework in Frameworks */,
				671623F316291BE700DE00AB /* MediaPlayer.framework in Frameworks */,
				67B8270616290AA30013E4D4 /* UIKit.framework in Frameworks */,
				67B8270816290AA30013E4D4 /* Foundation.framework in Frameworks */,
				67B8270A16290AA30013E4D4 /* CoreGraphics.framework in Frameworks */,
				67B7162C162F56FF00E4030A /* FacebookSDK.framework in Frameworks */,
			);
			runOnlyForDeploymentPostprocessing = 0;
		};
/* End PBXFrameworksBuildPhase section */

/* Begin PBXGroup section */
		67671BA11631A49800B0A7EB /* Classes */ = {
			isa = PBXGroup;
			children = (
				67671BA21631A49800B0A7EB /* Entities */,
				67671BA51631A49800B0A7EB /* Logic */,
				67671BAA1631A49800B0A7EB /* ViewControllers */,
			);
			path = Classes;
			sourceTree = "<group>";
		};
		67671BA21631A49800B0A7EB /* Entities */ = {
			isa = PBXGroup;
			children = (
				67671BA31631A49800B0A7EB /* Song.h */,
				67671BA41631A49800B0A7EB /* Song.m */,
			);
			path = Entities;
			sourceTree = "<group>";
		};
		67671BA51631A49800B0A7EB /* Logic */ = {
			isa = PBXGroup;
			children = (
				67671BA61631A49800B0A7EB /* MusicHelper.h */,
				67671BA71631A49800B0A7EB /* MusicHelper.m */,
				67671BA81631A49800B0A7EB /* SocialManager.h */,
				67671BA91631A49800B0A7EB /* SocialManager.m */,
			);
			path = Logic;
			sourceTree = "<group>";
		};
		67671BAA1631A49800B0A7EB /* ViewControllers */ = {
			isa = PBXGroup;
			children = (
				67671BAB1631A49800B0A7EB /* LogViewController.h */,
				67671BAC1631A49800B0A7EB /* LogViewController.m */,
				67671BAD1631A49800B0A7EB /* SettingsViewController.h */,
				67671BAE1631A49800B0A7EB /* SettingsViewController.m */,
				67671BAF1631A49800B0A7EB /* ShareMusicViewController.h */,
				67671BB01631A49800B0A7EB /* ShareMusicViewController.m */,
			);
			path = ViewControllers;
			sourceTree = "<group>";
		};
		67671BB71631A4A300B0A7EB /* Resources */ = {
			isa = PBXGroup;
			children = (
				67671BB81631A4A300B0A7EB /* Assets */,
			);
			path = Resources;
			sourceTree = "<group>";
		};
		67671BB81631A4A300B0A7EB /* Assets */ = {
			isa = PBXGroup;
			children = (
				67671BB91631A4A300B0A7EB /* gear_item.png */,
				67671BBA1631A4A300B0A7EB /* gear_item@2x.png */,
			);
			path = Assets;
			sourceTree = "<group>";
		};
		67B826F616290AA30013E4D4 = {
			isa = PBXGroup;
			children = (
				67BA7476162F57B000239803 /* FacebookSDKResources.bundle */,
				67671B9616319B9B00B0A7EB /* ios_icon.png */,
				67671B9816319BA000B0A7EB /* ios_icon@2x.png */,
				67B8270416290AA30013E4D4 /* Frameworks */,
				67B8270B16290AA30013E4D4 /* NowListeningTo */,
				67B8270216290AA30013E4D4 /* Products */,
				67671BB71631A4A300B0A7EB /* Resources */,
			);
			sourceTree = "<group>";
		};
		67B8270216290AA30013E4D4 /* Products */ = {
			isa = PBXGroup;
			children = (
				67B8270116290AA30013E4D4 /* NowListeningTo.app */,
			);
			name = Products;
			sourceTree = "<group>";
		};
		67B8270416290AA30013E4D4 /* Frameworks */ = {
			isa = PBXGroup;
			children = (
				67B7162F162F575A00E4030A /* AdSupport.framework */,
				67B7162B162F56FF00E4030A /* FacebookSDK.framework */,
				67E0938A1629FE4F007BD447 /* Accounts.framework */,
				67E0937F1629FC63007BD447 /* Social.framework */,
				671623F216291BE700DE00AB /* MediaPlayer.framework */,
				67B8270516290AA30013E4D4 /* UIKit.framework */,
				67B8270716290AA30013E4D4 /* Foundation.framework */,
				67B8270916290AA30013E4D4 /* CoreGraphics.framework */,
			);
			name = Frameworks;
			sourceTree = "<group>";
		};
		67B8270B16290AA30013E4D4 /* NowListeningTo */ = {
			isa = PBXGroup;
			children = (
				67671BA11631A49800B0A7EB /* Classes */,
				67B8271416290AA30013E4D4 /* AppDelegate.h */,
				67B8271516290AA30013E4D4 /* AppDelegate.m */,
				67B8271D16290AA30013E4D4 /* MainStoryboard.storyboard */,
				67B8270C16290AA30013E4D4 /* Supporting Files */,
			);
			path = NowListeningTo;
			sourceTree = "<group>";
		};
		67B8270C16290AA30013E4D4 /* Supporting Files */ = {
			isa = PBXGroup;
			children = (
				67B8270D16290AA30013E4D4 /* NowListeningTo-Info.plist */,
				67B8270E16290AA30013E4D4 /* InfoPlist.strings */,
				67B8271116290AA30013E4D4 /* main.m */,
				67B8271316290AA30013E4D4 /* NowListeningTo-Prefix.pch */,
				67B8271716290AA30013E4D4 /* Default.png */,
				67B8271916290AA30013E4D4 /* Default@2x.png */,
				67B8271B16290AA30013E4D4 /* Default-568h@2x.png */,
			);
			name = "Supporting Files";
			sourceTree = "<group>";
		};
/* End PBXGroup section */

/* Begin PBXNativeTarget section */
		67B8270016290AA30013E4D4 /* NowListeningTo */ = {
			isa = PBXNativeTarget;
			buildConfigurationList = 67B8272516290AA30013E4D4 /* Build configuration list for PBXNativeTarget "NowListeningTo" */;
			buildPhases = (
				67B826FD16290AA30013E4D4 /* Sources */,
				67B826FE16290AA30013E4D4 /* Frameworks */,
				67B826FF16290AA30013E4D4 /* Resources */,
			);
			buildRules = (
			);
			dependencies = (
			);
			name = NowListeningTo;
			productName = NowListeningTo;
			productReference = 67B8270116290AA30013E4D4 /* NowListeningTo.app */;
			productType = "com.apple.product-type.application";
		};
/* End PBXNativeTarget section */

/* Begin PBXProject section */
		67B826F816290AA30013E4D4 /* Project object */ = {
			isa = PBXProject;
			attributes = {
				LastUpgradeCheck = 0450;
				ORGANIZATIONNAME = Betzerra;
			};
			buildConfigurationList = 67B826FB16290AA30013E4D4 /* Build configuration list for PBXProject "NowListeningTo" */;
			compatibilityVersion = "Xcode 3.2";
			developmentRegion = English;
			hasScannedForEncodings = 0;
			knownRegions = (
				en,
			);
			mainGroup = 67B826F616290AA30013E4D4;
			productRefGroup = 67B8270216290AA30013E4D4 /* Products */;
			projectDirPath = "";
			projectRoot = "";
			targets = (
				67B8270016290AA30013E4D4 /* NowListeningTo */,
			);
		};
/* End PBXProject section */

/* Begin PBXResourcesBuildPhase section */
		67B826FF16290AA30013E4D4 /* Resources */ = {
			isa = PBXResourcesBuildPhase;
			buildActionMask = 2147483647;
			files = (
				67B8271016290AA30013E4D4 /* InfoPlist.strings in Resources */,
				67B8271816290AA30013E4D4 /* Default.png in Resources */,
				67B8271A16290AA30013E4D4 /* Default@2x.png in Resources */,
				67B8271C16290AA30013E4D4 /* Default-568h@2x.png in Resources */,
				67B8271F16290AA30013E4D4 /* MainStoryboard.storyboard in Resources */,
				67BA7477162F57B000239803 /* FacebookSDKResources.bundle in Resources */,
				67671B9716319B9B00B0A7EB /* ios_icon.png in Resources */,
				67671B9916319BA000B0A7EB /* ios_icon@2x.png in Resources */,
				67671BBB1631A4A300B0A7EB /* gear_item.png in Resources */,
				67671BBC1631A4A300B0A7EB /* gear_item@2x.png in Resources */,
			);
			runOnlyForDeploymentPostprocessing = 0;
		};
/* End PBXResourcesBuildPhase section */

/* Begin PBXSourcesBuildPhase section */
		67B826FD16290AA30013E4D4 /* Sources */ = {
			isa = PBXSourcesBuildPhase;
			buildActionMask = 2147483647;
			files = (
				67B8271216290AA30013E4D4 /* main.m in Sources */,
				67B8271616290AA30013E4D4 /* AppDelegate.m in Sources */,
				67671BB11631A49800B0A7EB /* Song.m in Sources */,
				67671BB21631A49800B0A7EB /* MusicHelper.m in Sources */,
				67671BB31631A49800B0A7EB /* SocialManager.m in Sources */,
				67671BB41631A49800B0A7EB /* LogViewController.m in Sources */,
				67671BB51631A49800B0A7EB /* SettingsViewController.m in Sources */,
				67671BB61631A49800B0A7EB /* ShareMusicViewController.m in Sources */,
			);
			runOnlyForDeploymentPostprocessing = 0;
		};
/* End PBXSourcesBuildPhase section */

/* Begin PBXVariantGroup section */
		67B8270E16290AA30013E4D4 /* InfoPlist.strings */ = {
			isa = PBXVariantGroup;
			children = (
				67B8270F16290AA30013E4D4 /* en */,
			);
			name = InfoPlist.strings;
			sourceTree = "<group>";
		};
		67B8271D16290AA30013E4D4 /* MainStoryboard.storyboard */ = {
			isa = PBXVariantGroup;
			children = (
				67B8271E16290AA30013E4D4 /* en */,
			);
			name = MainStoryboard.storyboard;
			sourceTree = "<group>";
		};
/* End PBXVariantGroup section */

/* Begin XCBuildConfiguration section */
		67B8272316290AA30013E4D4 /* Debug */ = {
			isa = XCBuildConfiguration;
			buildSettings = {
				ALWAYS_SEARCH_USER_PATHS = NO;
				CLANG_CXX_LANGUAGE_STANDARD = "gnu++0x";
				CLANG_CXX_LIBRARY = "libc++";
				CLANG_ENABLE_OBJC_ARC = YES;
				CLANG_WARN_EMPTY_BODY = YES;
				CLANG_WARN__DUPLICATE_METHOD_MATCH = YES;
				"CODE_SIGN_IDENTITY[sdk=iphoneos*]" = "iPhone Developer";
				COPY_PHASE_STRIP = NO;
				GCC_C_LANGUAGE_STANDARD = gnu99;
				GCC_DYNAMIC_NO_PIC = NO;
				GCC_OPTIMIZATION_LEVEL = 0;
				GCC_PREPROCESSOR_DEFINITIONS = (
					"DEBUG=1",
					"$(inherited)",
				);
				GCC_SYMBOLS_PRIVATE_EXTERN = NO;
				GCC_WARN_ABOUT_RETURN_TYPE = YES;
				GCC_WARN_UNINITIALIZED_AUTOS = YES;
				GCC_WARN_UNUSED_VARIABLE = YES;
				IPHONEOS_DEPLOYMENT_TARGET = 6.0;
				SDKROOT = iphoneos;
			};
			name = Debug;
		};
		67B8272416290AA30013E4D4 /* Release */ = {
			isa = XCBuildConfiguration;
			buildSettings = {
				ALWAYS_SEARCH_USER_PATHS = NO;
				CLANG_CXX_LANGUAGE_STANDARD = "gnu++0x";
				CLANG_CXX_LIBRARY = "libc++";
				CLANG_ENABLE_OBJC_ARC = YES;
				CLANG_WARN_EMPTY_BODY = YES;
				CLANG_WARN__DUPLICATE_METHOD_MATCH = YES;
				"CODE_SIGN_IDENTITY[sdk=iphoneos*]" = "iPhone Developer";
				COPY_PHASE_STRIP = YES;
				GCC_C_LANGUAGE_STANDARD = gnu99;
				GCC_WARN_ABOUT_RETURN_TYPE = YES;
				GCC_WARN_UNINITIALIZED_AUTOS = YES;
				GCC_WARN_UNUSED_VARIABLE = YES;
				IPHONEOS_DEPLOYMENT_TARGET = 6.0;
				OTHER_CFLAGS = "-DNS_BLOCK_ASSERTIONS=1";
				SDKROOT = iphoneos;
				VALIDATE_PRODUCT = YES;
			};
			name = Release;
		};
		67B8272616290AA30013E4D4 /* Debug */ = {
			isa = XCBuildConfiguration;
			buildSettings = {
				CLANG_ENABLE_OBJC_ARC = YES;
				FRAMEWORK_SEARCH_PATHS = (
					"$(inherited)",
					"\"$(SRCROOT)/../../FacebookSDK\"",
					"\"$(SRCROOT)\"",
				);
				GCC_PRECOMPILE_PREFIX_HEADER = YES;
				GCC_PREFIX_HEADER = "NowListeningTo/NowListeningTo-Prefix.pch";
				INFOPLIST_FILE = "NowListeningTo/NowListeningTo-Info.plist";
				OTHER_LDFLAGS = "-lsqlite3.0";
				PRODUCT_NAME = "$(TARGET_NAME)";
				WRAPPER_EXTENSION = app;
			};
			name = Debug;
		};
		67B8272716290AA30013E4D4 /* Release */ = {
			isa = XCBuildConfiguration;
			buildSettings = {
				CLANG_ENABLE_OBJC_ARC = YES;
				FRAMEWORK_SEARCH_PATHS = (
					"$(inherited)",
					"\"$(SRCROOT)/../../FacebookSDK\"",
					"\"$(SRCROOT)\"",
				);
				GCC_PRECOMPILE_PREFIX_HEADER = YES;
				GCC_PREFIX_HEADER = "NowListeningTo/NowListeningTo-Prefix.pch";
				INFOPLIST_FILE = "NowListeningTo/NowListeningTo-Info.plist";
				OTHER_LDFLAGS = "-lsqlite3.0";
				PRODUCT_NAME = "$(TARGET_NAME)";
				WRAPPER_EXTENSION = app;
			};
			name = Release;
		};
/* End XCBuildConfiguration section */

/* Begin XCConfigurationList section */
		67B826FB16290AA30013E4D4 /* Build configuration list for PBXProject "NowListeningTo" */ = {
			isa = XCConfigurationList;
			buildConfigurations = (
				67B8272316290AA30013E4D4 /* Debug */,
				67B8272416290AA30013E4D4 /* Release */,
			);
			defaultConfigurationIsVisible = 0;
			defaultConfigurationName = Release;
		};
		67B8272516290AA30013E4D4 /* Build configuration list for PBXNativeTarget "NowListeningTo" */ = {
			isa = XCConfigurationList;
			buildConfigurations = (
				67B8272616290AA30013E4D4 /* Debug */,
				67B8272716290AA30013E4D4 /* Release */,
			);
			defaultConfigurationIsVisible = 0;
			defaultConfigurationName = Release;
		};
/* End XCConfigurationList section */
	};
	rootObject = 67B826F816290AA30013E4D4 /* Project object */;
}
